
Microsoft Visual Studio Solution File, Format Version 12.00
# Visual Studio Version 17
VisualStudioVersion = 17.13.35828.75 d17.13
MinimumVisualStudioVersion = 10.0.40219.1
Project("{FAE04EC0-301F-11D3-BF4B-00C04F79EFBC}") = "DataStorageService.WebApi", "DataStorageService.WebApi.csproj", "{EE1AA8A4-9ADF-4AB9-96DE-16E55134C18C}"
EndProject
Global
	GlobalSection(SolutionConfigurationPlatforms) = preSolution
		Debug|Any CPU = Debug|Any CPU
		Release|Any CPU = Release|Any CPU
	EndGlobalSection
	GlobalSection(ProjectConfigurationPlatforms) = postSolution
		{EE1AA8A4-9ADF-4AB9-96DE-16E55134C18C}.Debug|Any CPU.ActiveCfg = Debug|Any CPU
		{EE1AA8A4-9ADF-4AB9-96DE-16E55134C18C}.Debug|Any CPU.Build.0 = Debug|Any CPU
		{EE1AA8A4-9ADF-4AB9-96DE-16E55134C18C}.Release|Any CPU.ActiveCfg = Release|Any CPU
		{EE1AA8A4-9ADF-4AB9-96DE-16E55134C18C}.Release|Any CPU.Build.0 = Release|Any CPU
	EndGlobalSection
	GlobalSection(SolutionProperties) = preSolution
		HideSolutionNode = FALSE
	EndGlobalSection
	GlobalSection(ExtensibilityGlobals) = postSolution
		SolutionGuid = {906B7582-EB18-4F88-B870-E47073199F1E}
	EndGlobalSection
EndGlobal
