
Microsoft Visual Studio Solution File, Format Version 12.00
# Visual Studio Version 17
VisualStudioVersion = 17.13.35828.75 d17.13
MinimumVisualStudioVersion = 10.0.40219.1
Project("{FAE04EC0-301F-11D3-BF4B-00C04F79EFBC}") = "ApiGatewayService.WebApi", "ApiGatewayService.WebApi.csproj", "{EEF1651E-18CC-4101-8A3D-3F6B51E443D6}"
EndProject
Global
	GlobalSection(SolutionConfigurationPlatforms) = preSolution
		Debug|Any CPU = Debug|Any CPU
		Release|Any CPU = Release|Any CPU
	EndGlobalSection
	GlobalSection(ProjectConfigurationPlatforms) = postSolution
		{EEF1651E-18CC-4101-8A3D-3F6B51E443D6}.Debug|Any CPU.ActiveCfg = Debug|Any CPU
		{EEF1651E-18CC-4101-8A3D-3F6B51E443D6}.Debug|Any CPU.Build.0 = Debug|Any CPU
		{EEF1651E-18CC-4101-8A3D-3F6B51E443D6}.Release|Any CPU.ActiveCfg = Release|Any CPU
		{EEF1651E-18CC-4101-8A3D-3F6B51E443D6}.Release|Any CPU.Build.0 = Release|Any CPU
	EndGlobalSection
	GlobalSection(SolutionProperties) = preSolution
		HideSolutionNode = FALSE
	EndGlobalSection
	GlobalSection(ExtensibilityGlobals) = postSolution
		SolutionGuid = {6E75D365-E110-4427-8546-984504BB8A34}
	EndGlobalSection
EndGlobal
